
Microsoft Visual Studio Solution File, Format Version 12.00
# Visual Studio Version 17
VisualStudioVersion = 17.5.002.0
MinimumVisualStudioVersion = 10.0.40219.1
Project("{9A19103F-16F7-4668-BE54-9A1E7A4F7556}") = "task 1", "task 1\task 1.csproj", "{47DE1482-D4B1-40FC-8DCC-EB3C4AAFF170}"
EndProject
Project("{9A19103F-16F7-4668-BE54-9A1E7A4F7556}") = "task 2", "task 2\task 2.csproj", "{0A535BBA-CE6B-4980-BDFE-5334191B442F}"
EndProject
Global
	GlobalSection(SolutionConfigurationPlatforms) = preSolution
		Debug|Any CPU = Debug|Any CPU
		Release|Any CPU = Release|Any CPU
	EndGlobalSection
	GlobalSection(ProjectConfigurationPlatforms) = postSolution
		{47DE1482-D4B1-40FC-8DCC-EB3C4AAFF170}.Debug|Any CPU.ActiveCfg = Debug|Any CPU
		{47DE1482-D4B1-40FC-8DCC-EB3C4AAFF170}.Debug|Any CPU.Build.0 = Debug|Any CPU
		{47DE1482-D4B1-40FC-8DCC-EB3C4AAFF170}.Release|Any CPU.ActiveCfg = Release|Any CPU
		{47DE1482-D4B1-40FC-8DCC-EB3C4AAFF170}.Release|Any CPU.Build.0 = Release|Any CPU
		{0A535BBA-CE6B-4980-BDFE-5334191B442F}.Debug|Any CPU.ActiveCfg = Debug|Any CPU
		{0A535BBA-CE6B-4980-BDFE-5334191B442F}.Debug|Any CPU.Build.0 = Debug|Any CPU
		{0A535BBA-CE6B-4980-BDFE-5334191B442F}.Release|Any CPU.ActiveCfg = Release|Any CPU
		{0A535BBA-CE6B-4980-BDFE-5334191B442F}.Release|Any CPU.Build.0 = Release|Any CPU
	EndGlobalSection
	GlobalSection(SolutionProperties) = preSolution
		HideSolutionNode = FALSE
	EndGlobalSection
	GlobalSection(ExtensibilityGlobals) = postSolution
		SolutionGuid = {60B7F13E-FC15-4C3F-81A4-29E0F7A49150}
	EndGlobalSection
EndGlobal
